
Microsoft Visual Studio Solution File, Format Version 12.00
# Visual Studio Version 17
VisualStudioVersion = 17.8.34511.84
MinimumVisualStudioVersion = 10.0.40219.1
Project("{FAE04EC0-301F-11D3-BF4B-00C04F79EFBC}") = "SpeechAPI", "SpeechAPI\SpeechAPI.csproj", "{76E22DFC-B535-4D6E-B770-B6C397A4F91E}"
EndProject
Global
	GlobalSection(SolutionConfigurationPlatforms) = preSolution
		Debug|Any CPU = Debug|Any CPU
		Release|Any CPU = Release|Any CPU
	EndGlobalSection
	GlobalSection(ProjectConfigurationPlatforms) = postSolution
		{76E22DFC-B535-4D6E-B770-B6C397A4F91E}.Debug|Any CPU.ActiveCfg = Debug|Any CPU
		{76E22DFC-B535-4D6E-B770-B6C397A4F91E}.Debug|Any CPU.Build.0 = Debug|Any CPU
		{76E22DFC-B535-4D6E-B770-B6C397A4F91E}.Release|Any CPU.ActiveCfg = Release|Any CPU
		{76E22DFC-B535-4D6E-B770-B6C397A4F91E}.Release|Any CPU.Build.0 = Release|Any CPU
	EndGlobalSection
	GlobalSection(SolutionProperties) = preSolution
		HideSolutionNode = FALSE
	EndGlobalSection
	GlobalSection(ExtensibilityGlobals) = postSolution
		SolutionGuid = {68C1E33B-641A-4C73-A95F-E30A83B8AB38}
	EndGlobalSection
EndGlobal
